// !$*UTF8*$!
{
	archiveVersion = 1;
	classes = {
	};
	objectVersion = 52;
	objects = {

/* Begin PBXBuildFile section */
		671D962C25EF62F6008C8F02 /* Movie.swift in Sources */ = {isa = PBXBuildFile; fileRef = 671D962B25EF62F6008C8F02 /* Movie.swift */; };
		671D962F25EF64DB008C8F02 /* Cast.swift in Sources */ = {isa = PBXBuildFile; fileRef = 671D962E25EF64DB008C8F02 /* Cast.swift */; };
		671D963225EF6643008C8F02 /* Review.swift in Sources */ = {isa = PBXBuildFile; fileRef = 671D963125EF6643008C8F02 /* Review.swift */; };
		671D963625EF6745008C8F02 /* Alamofire in Frameworks */ = {isa = PBXBuildFile; productRef = 671D963525EF6745008C8F02 /* Alamofire */; };
		671D963925EF6777008C8F02 /* NetworkManager.swift in Sources */ = {isa = PBXBuildFile; fileRef = 671D963825EF6777008C8F02 /* NetworkManager.swift */; };
		671D963C25EF68A9008C8F02 /* API.swift in Sources */ = {isa = PBXBuildFile; fileRef = 671D963B25EF68A9008C8F02 /* API.swift */; };
		671D963F25EF68EF008C8F02 /* MovieURL.swift in Sources */ = {isa = PBXBuildFile; fileRef = 671D963E25EF68EF008C8F02 /* MovieURL.swift */; };
		671D964225EF6984008C8F02 /* MovieDownloadManager.swift in Sources */ = {isa = PBXBuildFile; fileRef = 671D964125EF6984008C8F02 /* MovieDownloadManager.swift */; };
		671D964525EF6B01008C8F02 /* MovieReviewsManager.swift in Sources */ = {isa = PBXBuildFile; fileRef = 671D964425EF6B01008C8F02 /* MovieReviewsManager.swift */; };
		671D964925EF6C93008C8F02 /* Constant.swift in Sources */ = {isa = PBXBuildFile; fileRef = 671D964825EF6C93008C8F02 /* Constant.swift */; };
		67BCCDD625F3A52F00CA322B /* ImageLoader.swift in Sources */ = {isa = PBXBuildFile; fileRef = 67BCCDD525F3A52F00CA322B /* ImageLoader.swift */; };
		67BCCDD925F3A57800CA322B /* TempImageCache.swift in Sources */ = {isa = PBXBuildFile; fileRef = 67BCCDD825F3A57800CA322B /* TempImageCache.swift */; };
		67BCCDDC25F3A98A00CA322B /* EnvironmentValues+ImageCache.swift in Sources */ = {isa = PBXBuildFile; fileRef = 67BCCDDB25F3A98A00CA322B /* EnvironmentValues+ImageCache.swift */; };
		67BCCDDF25F3A9DE00CA322B /* AsyncImage.swift in Sources */ = {isa = PBXBuildFile; fileRef = 67BCCDDE25F3A9DE00CA322B /* AsyncImage.swift */; };
		67E1F52125ECBDF3007EDACC /* MoviesApp.swift in Sources */ = {isa = PBXBuildFile; fileRef = 67E1F52025ECBDF3007EDACC /* MoviesApp.swift */; };
		67E1F52325ECBDF3007EDACC /* ContentView.swift in Sources */ = {isa = PBXBuildFile; fileRef = 67E1F52225ECBDF3007EDACC /* ContentView.swift */; };
		67E1F52525ECBDF4007EDACC /* Assets.xcassets in Resources */ = {isa = PBXBuildFile; fileRef = 67E1F52425ECBDF4007EDACC /* Assets.xcassets */; };
		67E1F52825ECBDF4007EDACC /* Preview Assets.xcassets in Resources */ = {isa = PBXBuildFile; fileRef = 67E1F52725ECBDF4007EDACC /* Preview Assets.xcassets */; };
		67E1F53D25ECC2B2007EDACC /* HomeTabView.swift in Sources */ = {isa = PBXBuildFile; fileRef = 67E1F53C25ECC2B2007EDACC /* HomeTabView.swift */; };
		67E1F54125EE12C9007EDACC /* SettingsView.swift in Sources */ = {isa = PBXBuildFile; fileRef = 67E1F54025EE12C9007EDACC /* SettingsView.swift */; };
		67E1F54425EE19D9007EDACC /* MoviesView.swift in Sources */ = {isa = PBXBuildFile; fileRef = 67E1F54325EE19D9007EDACC /* MoviesView.swift */; };
		67E1F54725EE19EA007EDACC /* DiscoverView.swift in Sources */ = {isa = PBXBuildFile; fileRef = 67E1F54625EE19EA007EDACC /* DiscoverView.swift */; };
/* End PBXBuildFile section */

/* Begin PBXFileReference section */
		671D962B25EF62F6008C8F02 /* Movie.swift */ = {isa = PBXFileReference; lastKnownFileType = sourcecode.swift; path = Movie.swift; sourceTree = "<group>"; };
		671D962E25EF64DB008C8F02 /* Cast.swift */ = {isa = PBXFileReference; lastKnownFileType = sourcecode.swift; path = Cast.swift; sourceTree = "<group>"; };
		671D963125EF6643008C8F02 /* Review.swift */ = {isa = PBXFileReference; lastKnownFileType = sourcecode.swift; path = Review.swift; sourceTree = "<group>"; };
		671D963825EF6777008C8F02 /* NetworkManager.swift */ = {isa = PBXFileReference; lastKnownFileType = sourcecode.swift; path = NetworkManager.swift; sourceTree = "<group>"; };
		671D963B25EF68A9008C8F02 /* API.swift */ = {isa = PBXFileReference; lastKnownFileType = sourcecode.swift; path = API.swift; sourceTree = "<group>"; };
		671D963E25EF68EF008C8F02 /* MovieURL.swift */ = {isa = PBXFileReference; lastKnownFileType = sourcecode.swift; path = MovieURL.swift; sourceTree = "<group>"; };
		671D964125EF6984008C8F02 /* MovieDownloadManager.swift */ = {isa = PBXFileReference; lastKnownFileType = sourcecode.swift; path = MovieDownloadManager.swift; sourceTree = "<group>"; };
		671D964425EF6B01008C8F02 /* MovieReviewsManager.swift */ = {isa = PBXFileReference; lastKnownFileType = sourcecode.swift; path = MovieReviewsManager.swift; sourceTree = "<group>"; };
		671D964825EF6C93008C8F02 /* Constant.swift */ = {isa = PBXFileReference; lastKnownFileType = sourcecode.swift; path = Constant.swift; sourceTree = "<group>"; };
		67BCCDD525F3A52F00CA322B /* ImageLoader.swift */ = {isa = PBXFileReference; lastKnownFileType = sourcecode.swift; path = ImageLoader.swift; sourceTree = "<group>"; };
		67BCCDD825F3A57800CA322B /* TempImageCache.swift */ = {isa = PBXFileReference; lastKnownFileType = sourcecode.swift; path = TempImageCache.swift; sourceTree = "<group>"; };
		67BCCDDB25F3A98A00CA322B /* EnvironmentValues+ImageCache.swift */ = {isa = PBXFileReference; lastKnownFileType = sourcecode.swift; path = "EnvironmentValues+ImageCache.swift"; sourceTree = "<group>"; };
		67BCCDDE25F3A9DE00CA322B /* AsyncImage.swift */ = {isa = PBXFileReference; lastKnownFileType = sourcecode.swift; path = AsyncImage.swift; sourceTree = "<group>"; };
		67E1F51D25ECBDF3007EDACC /* MoviesApp.app */ = {isa = PBXFileReference; explicitFileType = wrapper.application; includeInIndex = 0; path = MoviesApp.app; sourceTree = BUILT_PRODUCTS_DIR; };
		67E1F52025ECBDF3007EDACC /* MoviesApp.swift */ = {isa = PBXFileReference; lastKnownFileType = sourcecode.swift; path = MoviesApp.swift; sourceTree = "<group>"; };
		67E1F52225ECBDF3007EDACC /* ContentView.swift */ = {isa = PBXFileReference; lastKnownFileType = sourcecode.swift; path = ContentView.swift; sourceTree = "<group>"; };
		67E1F52425ECBDF4007EDACC /* Assets.xcassets */ = {isa = PBXFileReference; lastKnownFileType = folder.assetcatalog; path = Assets.xcassets; sourceTree = "<group>"; };
		67E1F52725ECBDF4007EDACC /* Preview Assets.xcassets */ = {isa = PBXFileReference; lastKnownFileType = folder.assetcatalog; path = "Preview Assets.xcassets"; sourceTree = "<group>"; };
		67E1F52925ECBDF4007EDACC /* Info.plist */ = {isa = PBXFileReference; lastKnownFileType = text.plist.xml; path = Info.plist; sourceTree = "<group>"; };
		67E1F53C25ECC2B2007EDACC /* HomeTabView.swift */ = {isa = PBXFileReference; lastKnownFileType = sourcecode.swift; path = HomeTabView.swift; sourceTree = "<group>"; };
		67E1F54025EE12C9007EDACC /* SettingsView.swift */ = {isa = PBXFileReference; lastKnownFileType = sourcecode.swift; path = SettingsView.swift; sourceTree = "<group>"; };
		67E1F54325EE19D9007EDACC /* MoviesView.swift */ = {isa = PBXFileReference; lastKnownFileType = sourcecode.swift; path = MoviesView.swift; sourceTree = "<group>"; };
		67E1F54625EE19EA007EDACC /* DiscoverView.swift */ = {isa = PBXFileReference; lastKnownFileType = sourcecode.swift; path = DiscoverView.swift; sourceTree = "<group>"; };
/* End PBXFileReference section */

/* Begin PBXFrameworksBuildPhase section */
		67E1F51A25ECBDF3007EDACC /* Frameworks */ = {
			isa = PBXFrameworksBuildPhase;
			buildActionMask = 2147483647;
			files = (
				671D963625EF6745008C8F02 /* Alamofire in Frameworks */,
			);
			runOnlyForDeploymentPostprocessing = 0;
		};
/* End PBXFrameworksBuildPhase section */

/* Begin PBXGroup section */
		67E1F51425ECBDF3007EDACC = {
			isa = PBXGroup;
			children = (
				67E1F51F25ECBDF3007EDACC /* MoviesApp */,
				67E1F51E25ECBDF3007EDACC /* Products */,
			);
			sourceTree = "<group>";
		};
		67E1F51E25ECBDF3007EDACC /* Products */ = {
			isa = PBXGroup;
			children = (
				67E1F51D25ECBDF3007EDACC /* MoviesApp.app */,
			);
			name = Products;
			sourceTree = "<group>";
		};
		67E1F51F25ECBDF3007EDACC /* MoviesApp */ = {
			isa = PBXGroup;
			children = (
				67E1F53325ECC062007EDACC /* Views */,
				67E1F53225ECC054007EDACC /* Models */,
				67E1F53125ECC047007EDACC /* Networking */,
				67E1F53025ECC034007EDACC /* AsyncImage */,
				67E1F52025ECBDF3007EDACC /* MoviesApp.swift */,
				67E1F52225ECBDF3007EDACC /* ContentView.swift */,
				67E1F52425ECBDF4007EDACC /* Assets.xcassets */,
				67E1F52925ECBDF4007EDACC /* Info.plist */,
				67E1F52625ECBDF4007EDACC /* Preview Content */,
			);
			path = MoviesApp;
			sourceTree = "<group>";
		};
		67E1F52625ECBDF4007EDACC /* Preview Content */ = {
			isa = PBXGroup;
			children = (
				67E1F52725ECBDF4007EDACC /* Preview Assets.xcassets */,
			);
			path = "Preview Content";
			sourceTree = "<group>";
		};
		67E1F53025ECC034007EDACC /* AsyncImage */ = {
			isa = PBXGroup;
			children = (
				67BCCDD525F3A52F00CA322B /* ImageLoader.swift */,
				67BCCDD825F3A57800CA322B /* TempImageCache.swift */,
				67BCCDDE25F3A9DE00CA322B /* AsyncImage.swift */,
				67BCCDDB25F3A98A00CA322B /* EnvironmentValues+ImageCache.swift */,
			);
			path = AsyncImage;
			sourceTree = "<group>";
		};
		67E1F53125ECC047007EDACC /* Networking */ = {
			isa = PBXGroup;
			children = (
				671D964825EF6C93008C8F02 /* Constant.swift */,
				671D963825EF6777008C8F02 /* NetworkManager.swift */,
				671D963B25EF68A9008C8F02 /* API.swift */,
				671D963E25EF68EF008C8F02 /* MovieURL.swift */,
				671D964125EF6984008C8F02 /* MovieDownloadManager.swift */,
				671D964425EF6B01008C8F02 /* MovieReviewsManager.swift */,
			);
			path = Networking;
			sourceTree = "<group>";
		};
		67E1F53225ECC054007EDACC /* Models */ = {
			isa = PBXGroup;
			children = (
				671D962B25EF62F6008C8F02 /* Movie.swift */,
				671D962E25EF64DB008C8F02 /* Cast.swift */,
				671D963125EF6643008C8F02 /* Review.swift */,
			);
			path = Models;
			sourceTree = "<group>";
		};
		67E1F53325ECC062007EDACC /* Views */ = {
			isa = PBXGroup;
			children = (
				67E1F53C25ECC2B2007EDACC /* HomeTabView.swift */,
				67E1F54025EE12C9007EDACC /* SettingsView.swift */,
				67E1F54325EE19D9007EDACC /* MoviesView.swift */,
				67E1F54625EE19EA007EDACC /* DiscoverView.swift */,
			);
			path = Views;
			sourceTree = "<group>";
		};
/* End PBXGroup section */

/* Begin PBXNativeTarget section */
		67E1F51C25ECBDF3007EDACC /* MoviesApp */ = {
			isa = PBXNativeTarget;
			buildConfigurationList = 67E1F52C25ECBDF4007EDACC /* Build configuration list for PBXNativeTarget "MoviesApp" */;
			buildPhases = (
				67E1F51925ECBDF3007EDACC /* Sources */,
				67E1F51A25ECBDF3007EDACC /* Frameworks */,
				67E1F51B25ECBDF3007EDACC /* Resources */,
			);
			buildRules = (
			);
			dependencies = (
			);
			name = MoviesApp;
			packageProductDependencies = (
				671D963525EF6745008C8F02 /* Alamofire */,
			);
			productName = Movies_App;
			productReference = 67E1F51D25ECBDF3007EDACC /* MoviesApp.app */;
			productType = "com.apple.product-type.application";
		};
/* End PBXNativeTarget section */

/* Begin PBXProject section */
		67E1F51525ECBDF3007EDACC /* Project object */ = {
			isa = PBXProject;
			attributes = {
				LastSwiftUpdateCheck = 1240;
				LastUpgradeCheck = 1240;
				TargetAttributes = {
					67E1F51C25ECBDF3007EDACC = {
						CreatedOnToolsVersion = 12.4;
					};
				};
			};
			buildConfigurationList = 67E1F51825ECBDF3007EDACC /* Build configuration list for PBXProject "MoviesApp" */;
			compatibilityVersion = "Xcode 9.3";
			developmentRegion = en;
			hasScannedForEncodings = 0;
			knownRegions = (
				en,
				Base,
			);
			mainGroup = 67E1F51425ECBDF3007EDACC;
			packageReferences = (
				671D963425EF6745008C8F02 /* XCRemoteSwiftPackageReference "Alamofire" */,
			);
			productRefGroup = 67E1F51E25ECBDF3007EDACC /* Products */;
			projectDirPath = "";
			projectRoot = "";
			targets = (
				67E1F51C25ECBDF3007EDACC /* MoviesApp */,
			);
		};
/* End PBXProject section */

/* Begin PBXResourcesBuildPhase section */
		67E1F51B25ECBDF3007EDACC /* Resources */ = {
			isa = PBXResourcesBuildPhase;
			buildActionMask = 2147483647;
			files = (
				67E1F52825ECBDF4007EDACC /* Preview Assets.xcassets in Resources */,
				67E1F52525ECBDF4007EDACC /* Assets.xcassets in Resources */,
			);
			runOnlyForDeploymentPostprocessing = 0;
		};
/* End PBXResourcesBuildPhase section */

/* Begin PBXSourcesBuildPhase section */
		67E1F51925ECBDF3007EDACC /* Sources */ = {
			isa = PBXSourcesBuildPhase;
			buildActionMask = 2147483647;
			files = (
				671D963C25EF68A9008C8F02 /* API.swift in Sources */,
				671D962F25EF64DB008C8F02 /* Cast.swift in Sources */,
				67BCCDD925F3A57800CA322B /* TempImageCache.swift in Sources */,
				671D964925EF6C93008C8F02 /* Constant.swift in Sources */,
				67BCCDDC25F3A98A00CA322B /* EnvironmentValues+ImageCache.swift in Sources */,
				671D962C25EF62F6008C8F02 /* Movie.swift in Sources */,
				671D963925EF6777008C8F02 /* NetworkManager.swift in Sources */,
				671D963225EF6643008C8F02 /* Review.swift in Sources */,
				67BCCDD625F3A52F00CA322B /* ImageLoader.swift in Sources */,
				671D964225EF6984008C8F02 /* MovieDownloadManager.swift in Sources */,
				67E1F54425EE19D9007EDACC /* MoviesView.swift in Sources */,
				67E1F53D25ECC2B2007EDACC /* HomeTabView.swift in Sources */,
				671D964525EF6B01008C8F02 /* MovieReviewsManager.swift in Sources */,
				67E1F54125EE12C9007EDACC /* SettingsView.swift in Sources */,
				671D963F25EF68EF008C8F02 /* MovieURL.swift in Sources */,
				67BCCDDF25F3A9DE00CA322B /* AsyncImage.swift in Sources */,
				67E1F52325ECBDF3007EDACC /* ContentView.swift in Sources */,
				67E1F52125ECBDF3007EDACC /* MoviesApp.swift in Sources */,
				67E1F54725EE19EA007EDACC /* DiscoverView.swift in Sources */,
			);
			runOnlyForDeploymentPostprocessing = 0;
		};
/* End PBXSourcesBuildPhase section */

/* Begin XCBuildConfiguration section */
		67E1F52A25ECBDF4007EDACC /* Debug */ = {
			isa = XCBuildConfiguration;
			buildSettings = {
				ALWAYS_SEARCH_USER_PATHS = NO;
				CLANG_ANALYZER_NONNULL = YES;
				CLANG_ANALYZER_NUMBER_OBJECT_CONVERSION = YES_AGGRESSIVE;
				CLANG_CXX_LANGUAGE_STANDARD = "gnu++14";
				CLANG_CXX_LIBRARY = "libc++";
				CLANG_ENABLE_MODULES = YES;
				CLANG_ENABLE_OBJC_ARC = YES;
				CLANG_ENABLE_OBJC_WEAK = YES;
				CLANG_WARN_BLOCK_CAPTURE_AUTORELEASING = YES;
				CLANG_WARN_BOOL_CONVERSION = YES;
				CLANG_WARN_COMMA = YES;
				CLANG_WARN_CONSTANT_CONVERSION = YES;
				CLANG_WARN_DEPRECATED_OBJC_IMPLEMENTATIONS = YES;
				CLANG_WARN_DIRECT_OBJC_ISA_USAGE = YES_ERROR;
				CLANG_WARN_DOCUMENTATION_COMMENTS = YES;
				CLANG_WARN_EMPTY_BODY = YES;
				CLANG_WARN_ENUM_CONVERSION = YES;
				CLANG_WARN_INFINITE_RECURSION = YES;
				CLANG_WARN_INT_CONVERSION = YES;
				CLANG_WARN_NON_LITERAL_NULL_CONVERSION = YES;
				CLANG_WARN_OBJC_IMPLICIT_RETAIN_SELF = YES;
				CLANG_WARN_OBJC_LITERAL_CONVERSION = YES;
				CLANG_WARN_OBJC_ROOT_CLASS = YES_ERROR;
				CLANG_WARN_QUOTED_INCLUDE_IN_FRAMEWORK_HEADER = YES;
				CLANG_WARN_RANGE_LOOP_ANALYSIS = YES;
				CLANG_WARN_STRICT_PROTOTYPES = YES;
				CLANG_WARN_SUSPICIOUS_MOVE = YES;
				CLANG_WARN_UNGUARDED_AVAILABILITY = YES_AGGRESSIVE;
				CLANG_WARN_UNREACHABLE_CODE = YES;
				CLANG_WARN__DUPLICATE_METHOD_MATCH = YES;
				COPY_PHASE_STRIP = NO;
				DEBUG_INFORMATION_FORMAT = dwarf;
				ENABLE_STRICT_OBJC_MSGSEND = YES;
				ENABLE_TESTABILITY = YES;
				GCC_C_LANGUAGE_STANDARD = gnu11;
				GCC_DYNAMIC_NO_PIC = NO;
				GCC_NO_COMMON_BLOCKS = YES;
				GCC_OPTIMIZATION_LEVEL = 0;
				GCC_PREPROCESSOR_DEFINITIONS = (
					"DEBUG=1",
					"$(inherited)",
				);
				GCC_WARN_64_TO_32_BIT_CONVERSION = YES;
				GCC_WARN_ABOUT_RETURN_TYPE = YES_ERROR;
				GCC_WARN_UNDECLARED_SELECTOR = YES;
				GCC_WARN_UNINITIALIZED_AUTOS = YES_AGGRESSIVE;
				GCC_WARN_UNUSED_FUNCTION = YES;
				GCC_WARN_UNUSED_VARIABLE = YES;
				IPHONEOS_DEPLOYMENT_TARGET = 14.4;
				MTL_ENABLE_DEBUG_INFO = INCLUDE_SOURCE;
				MTL_FAST_MATH = YES;
				ONLY_ACTIVE_ARCH = YES;
				SDKROOT = iphoneos;
				SWIFT_ACTIVE_COMPILATION_CONDITIONS = DEBUG;
				SWIFT_OPTIMIZATION_LEVEL = "-Onone";
			};
			name = Debug;
		};
		67E1F52B25ECBDF4007EDACC /* Release */ = {
			isa = XCBuildConfiguration;
			buildSettings = {
				ALWAYS_SEARCH_USER_PATHS = NO;
				CLANG_ANALYZER_NONNULL = YES;
				CLANG_ANALYZER_NUMBER_OBJECT_CONVERSION = YES_AGGRESSIVE;
				CLANG_CXX_LANGUAGE_STANDARD = "gnu++14";
				CLANG_CXX_LIBRARY = "libc++";
				CLANG_ENABLE_MODULES = YES;
				CLANG_ENABLE_OBJC_ARC = YES;
				CLANG_ENABLE_OBJC_WEAK = YES;
				CLANG_WARN_BLOCK_CAPTURE_AUTORELEASING = YES;
				CLANG_WARN_BOOL_CONVERSION = YES;
				CLANG_WARN_COMMA = YES;
				CLANG_WARN_CONSTANT_CONVERSION = YES;
				CLANG_WARN_DEPRECATED_OBJC_IMPLEMENTATIONS = YES;
				CLANG_WARN_DIRECT_OBJC_ISA_USAGE = YES_ERROR;
				CLANG_WARN_DOCUMENTATION_COMMENTS = YES;
				CLANG_WARN_EMPTY_BODY = YES;
				CLANG_WARN_ENUM_CONVERSION = YES;
				CLANG_WARN_INFINITE_RECURSION = YES;
				CLANG_WARN_INT_CONVERSION = YES;
				CLANG_WARN_NON_LITERAL_NULL_CONVERSION = YES;
				CLANG_WARN_OBJC_IMPLICIT_RETAIN_SELF = YES;
				CLANG_WARN_OBJC_LITERAL_CONVERSION = YES;
				CLANG_WARN_OBJC_ROOT_CLASS = YES_ERROR;
				CLANG_WARN_QUOTED_INCLUDE_IN_FRAMEWORK_HEADER = YES;
				CLANG_WARN_RANGE_LOOP_ANALYSIS = YES;
				CLANG_WARN_STRICT_PROTOTYPES = YES;
				CLANG_WARN_SUSPICIOUS_MOVE = YES;
				CLANG_WARN_UNGUARDED_AVAILABILITY = YES_AGGRESSIVE;
				CLANG_WARN_UNREACHABLE_CODE = YES;
				CLANG_WARN__DUPLICATE_METHOD_MATCH = YES;
				COPY_PHASE_STRIP = NO;
				DEBUG_INFORMATION_FORMAT = "dwarf-with-dsym";
				ENABLE_NS_ASSERTIONS = NO;
				ENABLE_STRICT_OBJC_MSGSEND = YES;
				GCC_C_LANGUAGE_STANDARD = gnu11;
				GCC_NO_COMMON_BLOCKS = YES;
				GCC_WARN_64_TO_32_BIT_CONVERSION = YES;
				GCC_WARN_ABOUT_RETURN_TYPE = YES_ERROR;
				GCC_WARN_UNDECLARED_SELECTOR = YES;
				GCC_WARN_UNINITIALIZED_AUTOS = YES_AGGRESSIVE;
				GCC_WARN_UNUSED_FUNCTION = YES;
				GCC_WARN_UNUSED_VARIABLE = YES;
				IPHONEOS_DEPLOYMENT_TARGET = 14.4;
				MTL_ENABLE_DEBUG_INFO = NO;
				MTL_FAST_MATH = YES;
				SDKROOT = iphoneos;
				SWIFT_COMPILATION_MODE = wholemodule;
				SWIFT_OPTIMIZATION_LEVEL = "-O";
				VALIDATE_PRODUCT = YES;
			};
			name = Release;
		};
		67E1F52D25ECBDF4007EDACC /* Debug */ = {
			isa = XCBuildConfiguration;
			buildSettings = {
				ASSETCATALOG_COMPILER_APPICON_NAME = AppIcon;
				ASSETCATALOG_COMPILER_GLOBAL_ACCENT_COLOR_NAME = AccentColor;
				CODE_SIGN_STYLE = Automatic;
				DEVELOPMENT_ASSET_PATHS = "\"MoviesApp/Preview Content\"";
				DEVELOPMENT_TEAM = 3PHS45582J;
				ENABLE_PREVIEWS = YES;
				INFOPLIST_FILE = MoviesApp/Info.plist;
				IPHONEOS_DEPLOYMENT_TARGET = 14.0;
				LD_RUNPATH_SEARCH_PATHS = (
					"$(inherited)",
					"@executable_path/Frameworks",
				);
				PRODUCT_BUNDLE_IDENTIFIER = com.oleg991.MoviesApp;
				PRODUCT_NAME = "$(TARGET_NAME)";
				SWIFT_VERSION = 5.0;
				TARGETED_DEVICE_FAMILY = "1,2";
			};
			name = Debug;
		};
		67E1F52E25ECBDF4007EDACC /* Release */ = {
			isa = XCBuildConfiguration;
			buildSettings = {
				ASSETCATALOG_COMPILER_APPICON_NAME = AppIcon;
				ASSETCATALOG_COMPILER_GLOBAL_ACCENT_COLOR_NAME = AccentColor;
				CODE_SIGN_STYLE = Automatic;
				DEVELOPMENT_ASSET_PATHS = "\"MoviesApp/Preview Content\"";
				DEVELOPMENT_TEAM = 3PHS45582J;
				ENABLE_PREVIEWS = YES;
				INFOPLIST_FILE = MoviesApp/Info.plist;
				IPHONEOS_DEPLOYMENT_TARGET = 14.0;
				LD_RUNPATH_SEARCH_PATHS = (
					"$(inherited)",
					"@executable_path/Frameworks",
				);
				PRODUCT_BUNDLE_IDENTIFIER = com.oleg991.MoviesApp;
				PRODUCT_NAME = "$(TARGET_NAME)";
				SWIFT_VERSION = 5.0;
				TARGETED_DEVICE_FAMILY = "1,2";
			};
			name = Release;
		};
/* End XCBuildConfiguration section */

/* Begin XCConfigurationList section */
		67E1F51825ECBDF3007EDACC /* Build configuration list for PBXProject "MoviesApp" */ = {
			isa = XCConfigurationList;
			buildConfigurations = (
				67E1F52A25ECBDF4007EDACC /* Debug */,
				67E1F52B25ECBDF4007EDACC /* Release */,
			);
			defaultConfigurationIsVisible = 0;
			defaultConfigurationName = Release;
		};
		67E1F52C25ECBDF4007EDACC /* Build configuration list for PBXNativeTarget "MoviesApp" */ = {
			isa = XCConfigurationList;
			buildConfigurations = (
				67E1F52D25ECBDF4007EDACC /* Debug */,
				67E1F52E25ECBDF4007EDACC /* Release */,
			);
			defaultConfigurationIsVisible = 0;
			defaultConfigurationName = Release;
		};
/* End XCConfigurationList section */

/* Begin XCRemoteSwiftPackageReference section */
		671D963425EF6745008C8F02 /* XCRemoteSwiftPackageReference "Alamofire" */ = {
			isa = XCRemoteSwiftPackageReference;
			repositoryURL = "https://github.com/Alamofire/Alamofire.git";
			requirement = {
				kind = upToNextMajorVersion;
				minimumVersion = 5.4.1;
			};
		};
/* End XCRemoteSwiftPackageReference section */

/* Begin XCSwiftPackageProductDependency section */
		671D963525EF6745008C8F02 /* Alamofire */ = {
			isa = XCSwiftPackageProductDependency;
			package = 671D963425EF6745008C8F02 /* XCRemoteSwiftPackageReference "Alamofire" */;
			productName = Alamofire;
		};
/* End XCSwiftPackageProductDependency section */
	};
	rootObject = 67E1F51525ECBDF3007EDACC /* Project object */;
}
